{"is_source_file": false, "format": "", "description": "", "external_files": [], "external_methods": [], "published": [], "classes": [], "methods": [], "calls": [], "search-terms": [], "state": 2, "file_id": 8, "knowledge_revision": 25, "git_revision": "479e5c39f45af48c2d686a32677efa0d9efc494e", "filename": "/tmp/kavia/workspace/code-generation/taskease-613966-f992327c/taskease/post_process_status.lock", "hash": "9c4ed7ef73e22b872b8055bec08b8979", "format-version": 4, "code-base-name": "default", "revision_history": [{"25": "479e5c39f45af48c2d686a32677efa0d9efc494e"}]}